
Microsoft Visual Studio Solution File, Format Version 12.00
# Visual Studio Version 17
VisualStudioVersion = 17.14.36414.22 d17.14
MinimumVisualStudioVersion = 10.0.40219.1
Project("{FAE04EC0-301F-11D3-BF4B-00C04F79EFBC}") = "WpfApp3", "WpfApp3.csproj", "{257F705B-50C1-4869-9188-A0641BE20D14}"
EndProject
Global
	GlobalSection(SolutionConfigurationPlatforms) = preSolution
		Debug|Any CPU = Debug|Any CPU
		Release|Any CPU = Release|Any CPU
	EndGlobalSection
	GlobalSection(ProjectConfigurationPlatforms) = postSolution
		{257F705B-50C1-4869-9188-A0641BE20D14}.Debug|Any CPU.ActiveCfg = Debug|Any CPU
		{257F705B-50C1-4869-9188-A0641BE20D14}.Debug|Any CPU.Build.0 = Debug|Any CPU
		{257F705B-50C1-4869-9188-A0641BE20D14}.Release|Any CPU.ActiveCfg = Release|Any CPU
		{257F705B-50C1-4869-9188-A0641BE20D14}.Release|Any CPU.Build.0 = Release|Any CPU
	EndGlobalSection
	GlobalSection(SolutionProperties) = preSolution
		HideSolutionNode = FALSE
	EndGlobalSection
	GlobalSection(ExtensibilityGlobals) = postSolution
		SolutionGuid = {9ECE0ECE-A64F-49B3-A7E7-802B85E2F8F8}
	EndGlobalSection
EndGlobal
